
Microsoft Visual Studio Solution File, Format Version 12.00
# Visual Studio 2013
VisualStudioVersion = 12.0.40629.0
MinimumVisualStudioVersion = 10.0.40219.1
Project("{FAE04EC0-301F-11D3-BF4B-00C04F79EFBC}") = "CalendarDemo.Api", "CalendarDemo.Api\CalendarDemo.Api.csproj", "{04EF493F-A5F4-46A7-BA66-14530C8AFAB0}"
EndProject
Project("{2150E333-8FDC-42A3-9474-1A3956D46DE8}") = ".nuget", ".nuget", "{D4D5CBA6-16AB-4B41-899C-0675D075FD58}"
	ProjectSection(SolutionItems) = preProject
		.nuget\NuGet.Config = .nuget\NuGet.Config
		.nuget\NuGet.exe = .nuget\NuGet.exe
		.nuget\NuGet.targets = .nuget\NuGet.targets
	EndProjectSection
EndProject
Project("{FAE04EC0-301F-11D3-BF4B-00C04F79EFBC}") = "CalendarDemo.Frontend", "CalendarDemo.Frontend\CalendarDemo.Frontend.csproj", "{4344C6E3-202F-4676-8C24-AF04F631A8C4}"
EndProject
Global
	GlobalSection(SolutionConfigurationPlatforms) = preSolution
		Debug|Any CPU = Debug|Any CPU
		Release|Any CPU = Release|Any CPU
	EndGlobalSection
	GlobalSection(ProjectConfigurationPlatforms) = postSolution
		{04EF493F-A5F4-46A7-BA66-14530C8AFAB0}.Debug|Any CPU.ActiveCfg = Debug|Any CPU
		{04EF493F-A5F4-46A7-BA66-14530C8AFAB0}.Debug|Any CPU.Build.0 = Debug|Any CPU
		{04EF493F-A5F4-46A7-BA66-14530C8AFAB0}.Release|Any CPU.ActiveCfg = Release|Any CPU
		{04EF493F-A5F4-46A7-BA66-14530C8AFAB0}.Release|Any CPU.Build.0 = Release|Any CPU
		{4344C6E3-202F-4676-8C24-AF04F631A8C4}.Debug|Any CPU.ActiveCfg = Debug|Any CPU
		{4344C6E3-202F-4676-8C24-AF04F631A8C4}.Debug|Any CPU.Build.0 = Debug|Any CPU
		{4344C6E3-202F-4676-8C24-AF04F631A8C4}.Release|Any CPU.ActiveCfg = Release|Any CPU
		{4344C6E3-202F-4676-8C24-AF04F631A8C4}.Release|Any CPU.Build.0 = Release|Any CPU
	EndGlobalSection
	GlobalSection(SolutionProperties) = preSolution
		HideSolutionNode = FALSE
	EndGlobalSection
EndGlobal
